// !$*UTF8*$!
{
	archiveVersion = 1;
	classes = {
	};
	objectVersion = 55;
	objects = {

/* Begin PBXBuildFile section */
		3FC7AF52271C471000BD83F6 /* AppDelegate.swift in Sources */ = {isa = PBXBuildFile; fileRef = 3FC7AF51271C471000BD83F6 /* AppDelegate.swift */; };
		3FC7AF54271C471000BD83F6 /* SceneDelegate.swift in Sources */ = {isa = PBXBuildFile; fileRef = 3FC7AF53271C471000BD83F6 /* SceneDelegate.swift */; };
		3FC7AF56271C471000BD83F6 /* ViewController.swift in Sources */ = {isa = PBXBuildFile; fileRef = 3FC7AF55271C471000BD83F6 /* ViewController.swift */; };
		3FC7AF59271C471000BD83F6 /* Main.storyboard in Resources */ = {isa = PBXBuildFile; fileRef = 3FC7AF57271C471000BD83F6 /* Main.storyboard */; };
		3FC7AF5B271C471100BD83F6 /* Assets.xcassets in Resources */ = {isa = PBXBuildFile; fileRef = 3FC7AF5A271C471100BD83F6 /* Assets.xcassets */; };
		3FC7AF5E271C471100BD83F6 /* LaunchScreen.storyboard in Resources */ = {isa = PBXBuildFile; fileRef = 3FC7AF5C271C471100BD83F6 /* LaunchScreen.storyboard */; };
		3FC7AF69271C471200BD83F6 /* ToDo_List2Tests.swift in Sources */ = {isa = PBXBuildFile; fileRef = 3FC7AF68271C471200BD83F6 /* ToDo_List2Tests.swift */; };
		3FC7AF73271C471200BD83F6 /* ToDo_List2UITests.swift in Sources */ = {isa = PBXBuildFile; fileRef = 3FC7AF72271C471200BD83F6 /* ToDo_List2UITests.swift */; };
		3FC7AF75271C471200BD83F6 /* ToDo_List2UITestsLaunchTests.swift in Sources */ = {isa = PBXBuildFile; fileRef = 3FC7AF74271C471200BD83F6 /* ToDo_List2UITestsLaunchTests.swift */; };
/* End PBXBuildFile section */

/* Begin PBXContainerItemProxy section */
		3FC7AF65271C471200BD83F6 /* PBXContainerItemProxy */ = {
			isa = PBXContainerItemProxy;
			containerPortal = 3FC7AF46271C471000BD83F6 /* Project object */;
			proxyType = 1;
			remoteGlobalIDString = 3FC7AF4D271C471000BD83F6;
			remoteInfo = "ToDo List2";
		};
		3FC7AF6F271C471200BD83F6 /* PBXContainerItemProxy */ = {
			isa = PBXContainerItemProxy;
			containerPortal = 3FC7AF46271C471000BD83F6 /* Project object */;
			proxyType = 1;
			remoteGlobalIDString = 3FC7AF4D271C471000BD83F6;
			remoteInfo = "ToDo List2";
		};
/* End PBXContainerItemProxy section */

/* Begin PBXFileReference section */
		3FC7AF4E271C471000BD83F6 /* ToDo List2.app */ = {isa = PBXFileReference; explicitFileType = wrapper.application; includeInIndex = 0; path = "ToDo List2.app"; sourceTree = BUILT_PRODUCTS_DIR; };
		3FC7AF51271C471000BD83F6 /* AppDelegate.swift */ = {isa = PBXFileReference; lastKnownFileType = sourcecode.swift; path = AppDelegate.swift; sourceTree = "<group>"; };
		3FC7AF53271C471000BD83F6 /* SceneDelegate.swift */ = {isa = PBXFileReference; lastKnownFileType = sourcecode.swift; path = SceneDelegate.swift; sourceTree = "<group>"; };
		3FC7AF55271C471000BD83F6 /* ViewController.swift */ = {isa = PBXFileReference; lastKnownFileType = sourcecode.swift; path = ViewController.swift; sourceTree = "<group>"; };
		3FC7AF58271C471000BD83F6 /* Base */ = {isa = PBXFileReference; lastKnownFileType = file.storyboard; name = Base; path = Base.lproj/Main.storyboard; sourceTree = "<group>"; };
		3FC7AF5A271C471100BD83F6 /* Assets.xcassets */ = {isa = PBXFileReference; lastKnownFileType = folder.assetcatalog; path = Assets.xcassets; sourceTree = "<group>"; };
		3FC7AF5D271C471100BD83F6 /* Base */ = {isa = PBXFileReference; lastKnownFileType = file.storyboard; name = Base; path = Base.lproj/LaunchScreen.storyboard; sourceTree = "<group>"; };
		3FC7AF5F271C471100BD83F6 /* Info.plist */ = {isa = PBXFileReference; lastKnownFileType = text.plist.xml; path = Info.plist; sourceTree = "<group>"; };
		3FC7AF64271C471200BD83F6 /* ToDo List2Tests.xctest */ = {isa = PBXFileReference; explicitFileType = wrapper.cfbundle; includeInIndex = 0; path = "ToDo List2Tests.xctest"; sourceTree = BUILT_PRODUCTS_DIR; };
		3FC7AF68271C471200BD83F6 /* ToDo_List2Tests.swift */ = {isa = PBXFileReference; lastKnownFileType = sourcecode.swift; path = ToDo_List2Tests.swift; sourceTree = "<group>"; };
		3FC7AF6E271C471200BD83F6 /* ToDo List2UITests.xctest */ = {isa = PBXFileReference; explicitFileType = wrapper.cfbundle; includeInIndex = 0; path = "ToDo List2UITests.xctest"; sourceTree = BUILT_PRODUCTS_DIR; };
		3FC7AF72271C471200BD83F6 /* ToDo_List2UITests.swift */ = {isa = PBXFileReference; lastKnownFileType = sourcecode.swift; path = ToDo_List2UITests.swift; sourceTree = "<group>"; };
		3FC7AF74271C471200BD83F6 /* ToDo_List2UITestsLaunchTests.swift */ = {isa = PBXFileReference; lastKnownFileType = sourcecode.swift; path = ToDo_List2UITestsLaunchTests.swift; sourceTree = "<group>"; };
/* End PBXFileReference section */

/* Begin PBXFrameworksBuildPhase section */
		3FC7AF4B271C471000BD83F6 /* Frameworks */ = {
			isa = PBXFrameworksBuildPhase;
			buildActionMask = 2147483647;
			files = (
			);
			runOnlyForDeploymentPostprocessing = 0;
		};
		3FC7AF61271C471200BD83F6 /* Frameworks */ = {
			isa = PBXFrameworksBuildPhase;
			buildActionMask = 2147483647;
			files = (
			);
			runOnlyForDeploymentPostprocessing = 0;
		};
		3FC7AF6B271C471200BD83F6 /* Frameworks */ = {
			isa = PBXFrameworksBuildPhase;
			buildActionMask = 2147483647;
			files = (
			);
			runOnlyForDeploymentPostprocessing = 0;
		};
/* End PBXFrameworksBuildPhase section */

/* Begin PBXGroup section */
		3FC7AF45271C471000BD83F6 = {
			isa = PBXGroup;
			children = (
				3FC7AF50271C471000BD83F6 /* ToDo List2 */,
				3FC7AF67271C471200BD83F6 /* ToDo List2Tests */,
				3FC7AF71271C471200BD83F6 /* ToDo List2UITests */,
				3FC7AF4F271C471000BD83F6 /* Products */,
			);
			sourceTree = "<group>";
		};
		3FC7AF4F271C471000BD83F6 /* Products */ = {
			isa = PBXGroup;
			children = (
				3FC7AF4E271C471000BD83F6 /* ToDo List2.app */,
				3FC7AF64271C471200BD83F6 /* ToDo List2Tests.xctest */,
				3FC7AF6E271C471200BD83F6 /* ToDo List2UITests.xctest */,
			);
			name = Products;
			sourceTree = "<group>";
		};
		3FC7AF50271C471000BD83F6 /* ToDo List2 */ = {
			isa = PBXGroup;
			children = (
				3FC7AF51271C471000BD83F6 /* AppDelegate.swift */,
				3FC7AF53271C471000BD83F6 /* SceneDelegate.swift */,
				3FC7AF55271C471000BD83F6 /* ViewController.swift */,
				3FC7AF57271C471000BD83F6 /* Main.storyboard */,
				3FC7AF5A271C471100BD83F6 /* Assets.xcassets */,
				3FC7AF5C271C471100BD83F6 /* LaunchScreen.storyboard */,
				3FC7AF5F271C471100BD83F6 /* Info.plist */,
			);
			path = "ToDo List2";
			sourceTree = "<group>";
		};
		3FC7AF67271C471200BD83F6 /* ToDo List2Tests */ = {
			isa = PBXGroup;
			children = (
				3FC7AF68271C471200BD83F6 /* ToDo_List2Tests.swift */,
			);
			path = "ToDo List2Tests";
			sourceTree = "<group>";
		};
		3FC7AF71271C471200BD83F6 /* ToDo List2UITests */ = {
			isa = PBXGroup;
			children = (
				3FC7AF72271C471200BD83F6 /* ToDo_List2UITests.swift */,
				3FC7AF74271C471200BD83F6 /* ToDo_List2UITestsLaunchTests.swift */,
			);
			path = "ToDo List2UITests";
			sourceTree = "<group>";
		};
/* End PBXGroup section */

/* Begin PBXNativeTarget section */
		3FC7AF4D271C471000BD83F6 /* ToDo List2 */ = {
			isa = PBXNativeTarget;
			buildConfigurationList = 3FC7AF78271C471200BD83F6 /* Build configuration list for PBXNativeTarget "ToDo List2" */;
			buildPhases = (
				3FC7AF4A271C471000BD83F6 /* Sources */,
				3FC7AF4B271C471000BD83F6 /* Frameworks */,
				3FC7AF4C271C471000BD83F6 /* Resources */,
			);
			buildRules = (
			);
			dependencies = (
			);
			name = "ToDo List2";
			productName = "ToDo List2";
			productReference = 3FC7AF4E271C471000BD83F6 /* ToDo List2.app */;
			productType = "com.apple.product-type.application";
		};
		3FC7AF63271C471200BD83F6 /* ToDo List2Tests */ = {
			isa = PBXNativeTarget;
			buildConfigurationList = 3FC7AF7B271C471200BD83F6 /* Build configuration list for PBXNativeTarget "ToDo List2Tests" */;
			buildPhases = (
				3FC7AF60271C471200BD83F6 /* Sources */,
				3FC7AF61271C471200BD83F6 /* Frameworks */,
				3FC7AF62271C471200BD83F6 /* Resources */,
			);
			buildRules = (
			);
			dependencies = (
				3FC7AF66271C471200BD83F6 /* PBXTargetDependency */,
			);
			name = "ToDo List2Tests";
			productName = "ToDo List2Tests";
			productReference = 3FC7AF64271C471200BD83F6 /* ToDo List2Tests.xctest */;
			productType = "com.apple.product-type.bundle.unit-test";
		};
		3FC7AF6D271C471200BD83F6 /* ToDo List2UITests */ = {
			isa = PBXNativeTarget;
			buildConfigurationList = 3FC7AF7E271C471200BD83F6 /* Build configuration list for PBXNativeTarget "ToDo List2UITests" */;
			buildPhases = (
				3FC7AF6A271C471200BD83F6 /* Sources */,
				3FC7AF6B271C471200BD83F6 /* Frameworks */,
				3FC7AF6C271C471200BD83F6 /* Resources */,
			);
			buildRules = (
			);
			dependencies = (
				3FC7AF70271C471200BD83F6 /* PBXTargetDependency */,
			);
			name = "ToDo List2UITests";
			productName = "ToDo List2UITests";
			productReference = 3FC7AF6E271C471200BD83F6 /* ToDo List2UITests.xctest */;
			productType = "com.apple.product-type.bundle.ui-testing";
		};
/* End PBXNativeTarget section */

/* Begin PBXProject section */
		3FC7AF46271C471000BD83F6 /* Project object */ = {
			isa = PBXProject;
			attributes = {
				BuildIndependentTargetsInParallel = 1;
				LastSwiftUpdateCheck = 1300;
				LastUpgradeCheck = 1300;
				TargetAttributes = {
					3FC7AF4D271C471000BD83F6 = {
						CreatedOnToolsVersion = 13.0;
					};
					3FC7AF63271C471200BD83F6 = {
						CreatedOnToolsVersion = 13.0;
						TestTargetID = 3FC7AF4D271C471000BD83F6;
					};
					3FC7AF6D271C471200BD83F6 = {
						CreatedOnToolsVersion = 13.0;
						TestTargetID = 3FC7AF4D271C471000BD83F6;
					};
				};
			};
			buildConfigurationList = 3FC7AF49271C471000BD83F6 /* Build configuration list for PBXProject "ToDo List2" */;
			compatibilityVersion = "Xcode 13.0";
			developmentRegion = en;
			hasScannedForEncodings = 0;
			knownRegions = (
				en,
				Base,
			);
			mainGroup = 3FC7AF45271C471000BD83F6;
			productRefGroup = 3FC7AF4F271C471000BD83F6 /* Products */;
			projectDirPath = "";
			projectRoot = "";
			targets = (
				3FC7AF4D271C471000BD83F6 /* ToDo List2 */,
				3FC7AF63271C471200BD83F6 /* ToDo List2Tests */,
				3FC7AF6D271C471200BD83F6 /* ToDo List2UITests */,
			);
		};
/* End PBXProject section */

/* Begin PBXResourcesBuildPhase section */
		3FC7AF4C271C471000BD83F6 /* Resources */ = {
			isa = PBXResourcesBuildPhase;
			buildActionMask = 2147483647;
			files = (
				3FC7AF5E271C471100BD83F6 /* LaunchScreen.storyboard in Resources */,
				3FC7AF5B271C471100BD83F6 /* Assets.xcassets in Resources */,
				3FC7AF59271C471000BD83F6 /* Main.storyboard in Resources */,
			);
			runOnlyForDeploymentPostprocessing = 0;
		};
		3FC7AF62271C471200BD83F6 /* Resources */ = {
			isa = PBXResourcesBuildPhase;
			buildActionMask = 2147483647;
			files = (
			);
			runOnlyForDeploymentPostprocessing = 0;
		};
		3FC7AF6C271C471200BD83F6 /* Resources */ = {
			isa = PBXResourcesBuildPhase;
			buildActionMask = 2147483647;
			files = (
			);
			runOnlyForDeploymentPostprocessing = 0;
		};
/* End PBXResourcesBuildPhase section */

/* Begin PBXSourcesBuildPhase section */
		3FC7AF4A271C471000BD83F6 /* Sources */ = {
			isa = PBXSourcesBuildPhase;
			buildActionMask = 2147483647;
			files = (
				3FC7AF56271C471000BD83F6 /* ViewController.swift in Sources */,
				3FC7AF52271C471000BD83F6 /* AppDelegate.swift in Sources */,
				3FC7AF54271C471000BD83F6 /* SceneDelegate.swift in Sources */,
			);
			runOnlyForDeploymentPostprocessing = 0;
		};
		3FC7AF60271C471200BD83F6 /* Sources */ = {
			isa = PBXSourcesBuildPhase;
			buildActionMask = 2147483647;
			files = (
				3FC7AF69271C471200BD83F6 /* ToDo_List2Tests.swift in Sources */,
			);
			runOnlyForDeploymentPostprocessing = 0;
		};
		3FC7AF6A271C471200BD83F6 /* Sources */ = {
			isa = PBXSourcesBuildPhase;
			buildActionMask = 2147483647;
			files = (
				3FC7AF73271C471200BD83F6 /* ToDo_List2UITests.swift in Sources */,
				3FC7AF75271C471200BD83F6 /* ToDo_List2UITestsLaunchTests.swift in Sources */,
			);
			runOnlyForDeploymentPostprocessing = 0;
		};
/* End PBXSourcesBuildPhase section */

/* Begin PBXTargetDependency section */
		3FC7AF66271C471200BD83F6 /* PBXTargetDependency */ = {
			isa = PBXTargetDependency;
			target = 3FC7AF4D271C471000BD83F6 /* ToDo List2 */;
			targetProxy = 3FC7AF65271C471200BD83F6 /* PBXContainerItemProxy */;
		};
		3FC7AF70271C471200BD83F6 /* PBXTargetDependency */ = {
			isa = PBXTargetDependency;
			target = 3FC7AF4D271C471000BD83F6 /* ToDo List2 */;
			targetProxy = 3FC7AF6F271C471200BD83F6 /* PBXContainerItemProxy */;
		};
/* End PBXTargetDependency section */

/* Begin PBXVariantGroup section */
		3FC7AF57271C471000BD83F6 /* Main.storyboard */ = {
			isa = PBXVariantGroup;
			children = (
				3FC7AF58271C471000BD83F6 /* Base */,
			);
			name = Main.storyboard;
			sourceTree = "<group>";
		};
		3FC7AF5C271C471100BD83F6 /* LaunchScreen.storyboard */ = {
			isa = PBXVariantGroup;
			children = (
				3FC7AF5D271C471100BD83F6 /* Base */,
			);
			name = LaunchScreen.storyboard;
			sourceTree = "<group>";
		};
/* End PBXVariantGroup section */

/* Begin XCBuildConfiguration section */
		3FC7AF76271C471200BD83F6 /* Debug */ = {
			isa = XCBuildConfiguration;
			buildSettings = {
				ALWAYS_SEARCH_USER_PATHS = NO;
				CLANG_ANALYZER_NONNULL = YES;
				CLANG_ANALYZER_NUMBER_OBJECT_CONVERSION = YES_AGGRESSIVE;
				CLANG_CXX_LANGUAGE_STANDARD = "gnu++17";
				CLANG_CXX_LIBRARY = "libc++";
				CLANG_ENABLE_MODULES = YES;
				CLANG_ENABLE_OBJC_ARC = YES;
				CLANG_ENABLE_OBJC_WEAK = YES;
				CLANG_WARN_BLOCK_CAPTURE_AUTORELEASING = YES;
				CLANG_WARN_BOOL_CONVERSION = YES;
				CLANG_WARN_COMMA = YES;
				CLANG_WARN_CONSTANT_CONVERSION = YES;
				CLANG_WARN_DEPRECATED_OBJC_IMPLEMENTATIONS = YES;
				CLANG_WARN_DIRECT_OBJC_ISA_USAGE = YES_ERROR;
				CLANG_WARN_DOCUMENTATION_COMMENTS = YES;
				CLANG_WARN_EMPTY_BODY = YES;
				CLANG_WARN_ENUM_CONVERSION = YES;
				CLANG_WARN_INFINITE_RECURSION = YES;
				CLANG_WARN_INT_CONVERSION = YES;
				CLANG_WARN_NON_LITERAL_NULL_CONVERSION = YES;
				CLANG_WARN_OBJC_IMPLICIT_RETAIN_SELF = YES;
				CLANG_WARN_OBJC_LITERAL_CONVERSION = YES;
				CLANG_WARN_OBJC_ROOT_CLASS = YES_ERROR;
				CLANG_WARN_QUOTED_INCLUDE_IN_FRAMEWORK_HEADER = YES;
				CLANG_WARN_RANGE_LOOP_ANALYSIS = YES;
				CLANG_WARN_STRICT_PROTOTYPES = YES;
				CLANG_WARN_SUSPICIOUS_MOVE = YES;
				CLANG_WARN_UNGUARDED_AVAILABILITY = YES_AGGRESSIVE;
				CLANG_WARN_UNREACHABLE_CODE = YES;
				CLANG_WARN__DUPLICATE_METHOD_MATCH = YES;
				COPY_PHASE_STRIP = NO;
				DEBUG_INFORMATION_FORMAT = dwarf;
				ENABLE_STRICT_OBJC_MSGSEND = YES;
				ENABLE_TESTABILITY = YES;
				GCC_C_LANGUAGE_STANDARD = gnu11;
				GCC_DYNAMIC_NO_PIC = NO;
				GCC_NO_COMMON_BLOCKS = YES;
				GCC_OPTIMIZATION_LEVEL = 0;
				GCC_PREPROCESSOR_DEFINITIONS = (
					"DEBUG=1",
					"$(inherited)",
				);
				GCC_WARN_64_TO_32_BIT_CONVERSION = YES;
				GCC_WARN_ABOUT_RETURN_TYPE = YES_ERROR;
				GCC_WARN_UNDECLARED_SELECTOR = YES;
				GCC_WARN_UNINITIALIZED_AUTOS = YES_AGGRESSIVE;
				GCC_WARN_UNUSED_FUNCTION = YES;
				GCC_WARN_UNUSED_VARIABLE = YES;
				IPHONEOS_DEPLOYMENT_TARGET = 15.0;
				MTL_ENABLE_DEBUG_INFO = INCLUDE_SOURCE;
				MTL_FAST_MATH = YES;
				ONLY_ACTIVE_ARCH = YES;
				SDKROOT = iphoneos;
				SWIFT_ACTIVE_COMPILATION_CONDITIONS = DEBUG;
				SWIFT_OPTIMIZATION_LEVEL = "-Onone";
			};
			name = Debug;
		};
		3FC7AF77271C471200BD83F6 /* Release */ = {
			isa = XCBuildConfiguration;
			buildSettings = {
				ALWAYS_SEARCH_USER_PATHS = NO;
				CLANG_ANALYZER_NONNULL = YES;
				CLANG_ANALYZER_NUMBER_OBJECT_CONVERSION = YES_AGGRESSIVE;
				CLANG_CXX_LANGUAGE_STANDARD = "gnu++17";
				CLANG_CXX_LIBRARY = "libc++";
				CLANG_ENABLE_MODULES = YES;
				CLANG_ENABLE_OBJC_ARC = YES;
				CLANG_ENABLE_OBJC_WEAK = YES;
				CLANG_WARN_BLOCK_CAPTURE_AUTORELEASING = YES;
				CLANG_WARN_BOOL_CONVERSION = YES;
				CLANG_WARN_COMMA = YES;
				CLANG_WARN_CONSTANT_CONVERSION = YES;
				CLANG_WARN_DEPRECATED_OBJC_IMPLEMENTATIONS = YES;
				CLANG_WARN_DIRECT_OBJC_ISA_USAGE = YES_ERROR;
				CLANG_WARN_DOCUMENTATION_COMMENTS = YES;
				CLANG_WARN_EMPTY_BODY = YES;
				CLANG_WARN_ENUM_CONVERSION = YES;
				CLANG_WARN_INFINITE_RECURSION = YES;
				CLANG_WARN_INT_CONVERSION = YES;
				CLANG_WARN_NON_LITERAL_NULL_CONVERSION = YES;
				CLANG_WARN_OBJC_IMPLICIT_RETAIN_SELF = YES;
				CLANG_WARN_OBJC_LITERAL_CONVERSION = YES;
				CLANG_WARN_OBJC_ROOT_CLASS = YES_ERROR;
				CLANG_WARN_QUOTED_INCLUDE_IN_FRAMEWORK_HEADER = YES;
				CLANG_WARN_RANGE_LOOP_ANALYSIS = YES;
				CLANG_WARN_STRICT_PROTOTYPES = YES;
				CLANG_WARN_SUSPICIOUS_MOVE = YES;
				CLANG_WARN_UNGUARDED_AVAILABILITY = YES_AGGRESSIVE;
				CLANG_WARN_UNREACHABLE_CODE = YES;
				CLANG_WARN__DUPLICATE_METHOD_MATCH = YES;
				COPY_PHASE_STRIP = NO;
				DEBUG_INFORMATION_FORMAT = "dwarf-with-dsym";
				ENABLE_NS_ASSERTIONS = NO;
				ENABLE_STRICT_OBJC_MSGSEND = YES;
				GCC_C_LANGUAGE_STANDARD = gnu11;
				GCC_NO_COMMON_BLOCKS = YES;
				GCC_WARN_64_TO_32_BIT_CONVERSION = YES;
				GCC_WARN_ABOUT_RETURN_TYPE = YES_ERROR;
				GCC_WARN_UNDECLARED_SELECTOR = YES;
				GCC_WARN_UNINITIALIZED_AUTOS = YES_AGGRESSIVE;
				GCC_WARN_UNUSED_FUNCTION = YES;
				GCC_WARN_UNUSED_VARIABLE = YES;
				IPHONEOS_DEPLOYMENT_TARGET = 15.0;
				MTL_ENABLE_DEBUG_INFO = NO;
				MTL_FAST_MATH = YES;
				SDKROOT = iphoneos;
				SWIFT_COMPILATION_MODE = wholemodule;
				SWIFT_OPTIMIZATION_LEVEL = "-O";
				VALIDATE_PRODUCT = YES;
			};
			name = Release;
		};
		3FC7AF79271C471200BD83F6 /* Debug */ = {
			isa = XCBuildConfiguration;
			buildSettings = {
				ASSETCATALOG_COMPILER_APPICON_NAME = AppIcon;
				ASSETCATALOG_COMPILER_GLOBAL_ACCENT_COLOR_NAME = AccentColor;
				CODE_SIGN_STYLE = Automatic;
				CURRENT_PROJECT_VERSION = 1;
				GENERATE_INFOPLIST_FILE = YES;
				INFOPLIST_FILE = "ToDo List2/Info.plist";
				INFOPLIST_KEY_UIApplicationSupportsIndirectInputEvents = YES;
				INFOPLIST_KEY_UILaunchStoryboardName = LaunchScreen;
				INFOPLIST_KEY_UIMainStoryboardFile = Main;
				INFOPLIST_KEY_UISupportedInterfaceOrientations_iPad = "UIInterfaceOrientationPortrait UIInterfaceOrientationPortraitUpsideDown UIInterfaceOrientationLandscapeLeft UIInterfaceOrientationLandscapeRight";
				INFOPLIST_KEY_UISupportedInterfaceOrientations_iPhone = "UIInterfaceOrientationPortrait UIInterfaceOrientationLandscapeLeft UIInterfaceOrientationLandscapeRight";
				LD_RUNPATH_SEARCH_PATHS = (
					"$(inherited)",
					"@executable_path/Frameworks",
				);
				MARKETING_VERSION = 1.0;
				PRODUCT_BUNDLE_IDENTIFIER = "xzc.ToDo-List2";
				PRODUCT_NAME = "$(TARGET_NAME)";
				SWIFT_EMIT_LOC_STRINGS = YES;
				SWIFT_VERSION = 5.0;
				TARGETED_DEVICE_FAMILY = "1,2";
			};
			name = Debug;
		};
		3FC7AF7A271C471200BD83F6 /* Release */ = {
			isa = XCBuildConfiguration;
			buildSettings = {
				ASSETCATALOG_COMPILER_APPICON_NAME = AppIcon;
				ASSETCATALOG_COMPILER_GLOBAL_ACCENT_COLOR_NAME = AccentColor;
				CODE_SIGN_STYLE = Automatic;
				CURRENT_PROJECT_VERSION = 1;
				GENERATE_INFOPLIST_FILE = YES;
				INFOPLIST_FILE = "ToDo List2/Info.plist";
				INFOPLIST_KEY_UIApplicationSupportsIndirectInputEvents = YES;
				INFOPLIST_KEY_UILaunchStoryboardName = LaunchScreen;
				INFOPLIST_KEY_UIMainStoryboardFile = Main;
				INFOPLIST_KEY_UISupportedInterfaceOrientations_iPad = "UIInterfaceOrientationPortrait UIInterfaceOrientationPortraitUpsideDown UIInterfaceOrientationLandscapeLeft UIInterfaceOrientationLandscapeRight";
				INFOPLIST_KEY_UISupportedInterfaceOrientations_iPhone = "UIInterfaceOrientationPortrait UIInterfaceOrientationLandscapeLeft UIInterfaceOrientationLandscapeRight";
				LD_RUNPATH_SEARCH_PATHS = (
					"$(inherited)",
					"@executable_path/Frameworks",
				);
				MARKETING_VERSION = 1.0;
				PRODUCT_BUNDLE_IDENTIFIER = "xzc.ToDo-List2";
				PRODUCT_NAME = "$(TARGET_NAME)";
				SWIFT_EMIT_LOC_STRINGS = YES;
				SWIFT_VERSION = 5.0;
				TARGETED_DEVICE_FAMILY = "1,2";
			};
			name = Release;
		};
		3FC7AF7C271C471200BD83F6 /* Debug */ = {
			isa = XCBuildConfiguration;
			buildSettings = {
				ALWAYS_EMBED_SWIFT_STANDARD_LIBRARIES = YES;
				BUNDLE_LOADER = "$(TEST_HOST)";
				CODE_SIGN_STYLE = Automatic;
				CURRENT_PROJECT_VERSION = 1;
				GENERATE_INFOPLIST_FILE = YES;
				IPHONEOS_DEPLOYMENT_TARGET = 15.0;
				LD_RUNPATH_SEARCH_PATHS = (
					"$(inherited)",
					"@executable_path/Frameworks",
					"@loader_path/Frameworks",
				);
				MARKETING_VERSION = 1.0;
				PRODUCT_BUNDLE_IDENTIFIER = "xzc.ToDo-List2Tests";
				PRODUCT_NAME = "$(TARGET_NAME)";
				SWIFT_EMIT_LOC_STRINGS = NO;
				SWIFT_VERSION = 5.0;
				TARGETED_DEVICE_FAMILY = "1,2";
				TEST_HOST = "$(BUILT_PRODUCTS_DIR)/ToDo List2.app/ToDo List2";
			};
			name = Debug;
		};
		3FC7AF7D271C471200BD83F6 /* Release */ = {
			isa = XCBuildConfiguration;
			buildSettings = {
				ALWAYS_EMBED_SWIFT_STANDARD_LIBRARIES = YES;
				BUNDLE_LOADER = "$(TEST_HOST)";
				CODE_SIGN_STYLE = Automatic;
				CURRENT_PROJECT_VERSION = 1;
				GENERATE_INFOPLIST_FILE = YES;
				IPHONEOS_DEPLOYMENT_TARGET = 15.0;
				LD_RUNPATH_SEARCH_PATHS = (
					"$(inherited)",
					"@executable_path/Frameworks",
					"@loader_path/Frameworks",
				);
				MARKETING_VERSION = 1.0;
				PRODUCT_BUNDLE_IDENTIFIER = "xzc.ToDo-List2Tests";
				PRODUCT_NAME = "$(TARGET_NAME)";
				SWIFT_EMIT_LOC_STRINGS = NO;
				SWIFT_VERSION = 5.0;
				TARGETED_DEVICE_FAMILY = "1,2";
				TEST_HOST = "$(BUILT_PRODUCTS_DIR)/ToDo List2.app/ToDo List2";
			};
			name = Release;
		};
		3FC7AF7F271C471200BD83F6 /* Debug */ = {
			isa = XCBuildConfiguration;
			buildSettings = {
				ALWAYS_EMBED_SWIFT_STANDARD_LIBRARIES = YES;
				CODE_SIGN_STYLE = Automatic;
				CURRENT_PROJECT_VERSION = 1;
				GENERATE_INFOPLIST_FILE = YES;
				LD_RUNPATH_SEARCH_PATHS = (
					"$(inherited)",
					"@executable_path/Frameworks",
					"@loader_path/Frameworks",
				);
				MARKETING_VERSION = 1.0;
				PRODUCT_BUNDLE_IDENTIFIER = "xzc.ToDo-List2UITests";
				PRODUCT_NAME = "$(TARGET_NAME)";
				SWIFT_EMIT_LOC_STRINGS = NO;
				SWIFT_VERSION = 5.0;
				TARGETED_DEVICE_FAMILY = "1,2";
				TEST_TARGET_NAME = "ToDo List2";
			};
			name = Debug;
		};
		3FC7AF80271C471200BD83F6 /* Release */ = {
			isa = XCBuildConfiguration;
			buildSettings = {
				ALWAYS_EMBED_SWIFT_STANDARD_LIBRARIES = YES;
				CODE_SIGN_STYLE = Automatic;
				CURRENT_PROJECT_VERSION = 1;
				GENERATE_INFOPLIST_FILE = YES;
				LD_RUNPATH_SEARCH_PATHS = (
					"$(inherited)",
					"@executable_path/Frameworks",
					"@loader_path/Frameworks",
				);
				MARKETING_VERSION = 1.0;
				PRODUCT_BUNDLE_IDENTIFIER = "xzc.ToDo-List2UITests";
				PRODUCT_NAME = "$(TARGET_NAME)";
				SWIFT_EMIT_LOC_STRINGS = NO;
				SWIFT_VERSION = 5.0;
				TARGETED_DEVICE_FAMILY = "1,2";
				TEST_TARGET_NAME = "ToDo List2";
			};
			name = Release;
		};
/* End XCBuildConfiguration section */

/* Begin XCConfigurationList section */
		3FC7AF49271C471000BD83F6 /* Build configuration list for PBXProject "ToDo List2" */ = {
			isa = XCConfigurationList;
			buildConfigurations = (
				3FC7AF76271C471200BD83F6 /* Debug */,
				3FC7AF77271C471200BD83F6 /* Release */,
			);
			defaultConfigurationIsVisible = 0;
			defaultConfigurationName = Release;
		};
		3FC7AF78271C471200BD83F6 /* Build configuration list for PBXNativeTarget "ToDo List2" */ = {
			isa = XCConfigurationList;
			buildConfigurations = (
				3FC7AF79271C471200BD83F6 /* Debug */,
				3FC7AF7A271C471200BD83F6 /* Release */,
			);
			defaultConfigurationIsVisible = 0;
			defaultConfigurationName = Release;
		};
		3FC7AF7B271C471200BD83F6 /* Build configuration list for PBXNativeTarget "ToDo List2Tests" */ = {
			isa = XCConfigurationList;
			buildConfigurations = (
				3FC7AF7C271C471200BD83F6 /* Debug */,
				3FC7AF7D271C471200BD83F6 /* Release */,
			);
			defaultConfigurationIsVisible = 0;
			defaultConfigurationName = Release;
		};
		3FC7AF7E271C471200BD83F6 /* Build configuration list for PBXNativeTarget "ToDo List2UITests" */ = {
			isa = XCConfigurationList;
			buildConfigurations = (
				3FC7AF7F271C471200BD83F6 /* Debug */,
				3FC7AF80271C471200BD83F6 /* Release */,
			);
			defaultConfigurationIsVisible = 0;
			defaultConfigurationName = Release;
		};
/* End XCConfigurationList section */
	};
	rootObject = 3FC7AF46271C471000BD83F6 /* Project object */;
}
