// !$*UTF8*$!
{
	archiveVersion = 1;
	classes = {
	};
	objectVersion = 50;
	objects = {

/* Begin PBXBuildFile section */
		3FE668E527197EAA00B873F1 /* AppDelegate.swift in Sources */ = {isa = PBXBuildFile; fileRef = 3FE668E427197EAA00B873F1 /* AppDelegate.swift */; };
		3FE668E727197EAA00B873F1 /* SceneDelegate.swift in Sources */ = {isa = PBXBuildFile; fileRef = 3FE668E627197EAA00B873F1 /* SceneDelegate.swift */; };
		3FE668E927197EAA00B873F1 /* ViewController.swift in Sources */ = {isa = PBXBuildFile; fileRef = 3FE668E827197EAA00B873F1 /* ViewController.swift */; };
		3FE668EC27197EAA00B873F1 /* Main.storyboard in Resources */ = {isa = PBXBuildFile; fileRef = 3FE668EA27197EAA00B873F1 /* Main.storyboard */; };
		3FE668EE27197EAB00B873F1 /* Assets.xcassets in Resources */ = {isa = PBXBuildFile; fileRef = 3FE668ED27197EAB00B873F1 /* Assets.xcassets */; };
		3FE668F127197EAC00B873F1 /* LaunchScreen.storyboard in Resources */ = {isa = PBXBuildFile; fileRef = 3FE668EF27197EAC00B873F1 /* LaunchScreen.storyboard */; };
		3FE668FC27197EAC00B873F1 /* ToDo_ListTests.swift in Sources */ = {isa = PBXBuildFile; fileRef = 3FE668FB27197EAC00B873F1 /* ToDo_ListTests.swift */; };
		3FE6690727197EAC00B873F1 /* ToDo_ListUITests.swift in Sources */ = {isa = PBXBuildFile; fileRef = 3FE6690627197EAC00B873F1 /* ToDo_ListUITests.swift */; };
/* End PBXBuildFile section */

/* Begin PBXContainerItemProxy section */
		3FE668F827197EAC00B873F1 /* PBXContainerItemProxy */ = {
			isa = PBXContainerItemProxy;
			containerPortal = 3FE668D927197EAA00B873F1 /* Project object */;
			proxyType = 1;
			remoteGlobalIDString = 3FE668E027197EAA00B873F1;
			remoteInfo = "ToDo List";
		};
		3FE6690327197EAC00B873F1 /* PBXContainerItemProxy */ = {
			isa = PBXContainerItemProxy;
			containerPortal = 3FE668D927197EAA00B873F1 /* Project object */;
			proxyType = 1;
			remoteGlobalIDString = 3FE668E027197EAA00B873F1;
			remoteInfo = "ToDo List";
		};
/* End PBXContainerItemProxy section */

/* Begin PBXFileReference section */
		3FE668E127197EAA00B873F1 /* ToDo List.app */ = {isa = PBXFileReference; explicitFileType = wrapper.application; includeInIndex = 0; path = "ToDo List.app"; sourceTree = BUILT_PRODUCTS_DIR; };
		3FE668E427197EAA00B873F1 /* AppDelegate.swift */ = {isa = PBXFileReference; lastKnownFileType = sourcecode.swift; path = AppDelegate.swift; sourceTree = "<group>"; };
		3FE668E627197EAA00B873F1 /* SceneDelegate.swift */ = {isa = PBXFileReference; lastKnownFileType = sourcecode.swift; path = SceneDelegate.swift; sourceTree = "<group>"; };
		3FE668E827197EAA00B873F1 /* ViewController.swift */ = {isa = PBXFileReference; lastKnownFileType = sourcecode.swift; path = ViewController.swift; sourceTree = "<group>"; };
		3FE668EB27197EAA00B873F1 /* Base */ = {isa = PBXFileReference; lastKnownFileType = file.storyboard; name = Base; path = Base.lproj/Main.storyboard; sourceTree = "<group>"; };
		3FE668ED27197EAB00B873F1 /* Assets.xcassets */ = {isa = PBXFileReference; lastKnownFileType = folder.assetcatalog; path = Assets.xcassets; sourceTree = "<group>"; };
		3FE668F027197EAC00B873F1 /* Base */ = {isa = PBXFileReference; lastKnownFileType = file.storyboard; name = Base; path = Base.lproj/LaunchScreen.storyboard; sourceTree = "<group>"; };
		3FE668F227197EAC00B873F1 /* Info.plist */ = {isa = PBXFileReference; lastKnownFileType = text.plist.xml; path = Info.plist; sourceTree = "<group>"; };
		3FE668F727197EAC00B873F1 /* ToDo ListTests.xctest */ = {isa = PBXFileReference; explicitFileType = wrapper.cfbundle; includeInIndex = 0; path = "ToDo ListTests.xctest"; sourceTree = BUILT_PRODUCTS_DIR; };
		3FE668FB27197EAC00B873F1 /* ToDo_ListTests.swift */ = {isa = PBXFileReference; lastKnownFileType = sourcecode.swift; path = ToDo_ListTests.swift; sourceTree = "<group>"; };
		3FE668FD27197EAC00B873F1 /* Info.plist */ = {isa = PBXFileReference; lastKnownFileType = text.plist.xml; path = Info.plist; sourceTree = "<group>"; };
		3FE6690227197EAC00B873F1 /* ToDo ListUITests.xctest */ = {isa = PBXFileReference; explicitFileType = wrapper.cfbundle; includeInIndex = 0; path = "ToDo ListUITests.xctest"; sourceTree = BUILT_PRODUCTS_DIR; };
		3FE6690627197EAC00B873F1 /* ToDo_ListUITests.swift */ = {isa = PBXFileReference; lastKnownFileType = sourcecode.swift; path = ToDo_ListUITests.swift; sourceTree = "<group>"; };
		3FE6690827197EAC00B873F1 /* Info.plist */ = {isa = PBXFileReference; lastKnownFileType = text.plist.xml; name = Info.plist; path = "../ToDo ListUITests/Info.plist"; sourceTree = "<group>"; };
/* End PBXFileReference section */

/* Begin PBXFrameworksBuildPhase section */
		3FE668DE27197EAA00B873F1 /* Frameworks */ = {
			isa = PBXFrameworksBuildPhase;
			buildActionMask = 2147483647;
			files = (
			);
			runOnlyForDeploymentPostprocessing = 0;
		};
		3FE668F427197EAC00B873F1 /* Frameworks */ = {
			isa = PBXFrameworksBuildPhase;
			buildActionMask = 2147483647;
			files = (
			);
			runOnlyForDeploymentPostprocessing = 0;
		};
		3FE668FF27197EAC00B873F1 /* Frameworks */ = {
			isa = PBXFrameworksBuildPhase;
			buildActionMask = 2147483647;
			files = (
			);
			runOnlyForDeploymentPostprocessing = 0;
		};
/* End PBXFrameworksBuildPhase section */

/* Begin PBXGroup section */
		3FE668D827197EAA00B873F1 = {
			isa = PBXGroup;
			children = (
				3FE668E327197EAA00B873F1 /* ToDo List */,
				3FE668FA27197EAC00B873F1 /* ToDo ListTests */,
				3FE6690527197EAC00B873F1 /* ToDo ListUITests */,
				3FE668E227197EAA00B873F1 /* Products */,
			);
			sourceTree = "<group>";
		};
		3FE668E227197EAA00B873F1 /* Products */ = {
			isa = PBXGroup;
			children = (
				3FE668E127197EAA00B873F1 /* ToDo List.app */,
				3FE668F727197EAC00B873F1 /* ToDo ListTests.xctest */,
				3FE6690227197EAC00B873F1 /* ToDo ListUITests.xctest */,
			);
			name = Products;
			sourceTree = "<group>";
		};
		3FE668E327197EAA00B873F1 /* ToDo List */ = {
			isa = PBXGroup;
			children = (
				3FE668E427197EAA00B873F1 /* AppDelegate.swift */,
				3FE668E627197EAA00B873F1 /* SceneDelegate.swift */,
				3FE668E827197EAA00B873F1 /* ViewController.swift */,
				3FE668EA27197EAA00B873F1 /* Main.storyboard */,
				3FE668ED27197EAB00B873F1 /* Assets.xcassets */,
				3FE668EF27197EAC00B873F1 /* LaunchScreen.storyboard */,
				3FE668F227197EAC00B873F1 /* Info.plist */,
			);
			path = "ToDo List";
			sourceTree = "<group>";
		};
		3FE668FA27197EAC00B873F1 /* ToDo ListTests */ = {
			isa = PBXGroup;
			children = (
				3FE668FB27197EAC00B873F1 /* ToDo_ListTests.swift */,
				3FE6690827197EAC00B873F1 /* Info.plist */,
				3FE668FD27197EAC00B873F1 /* Info.plist */,
			);
			path = "ToDo ListTests";
			sourceTree = "<group>";
		};
		3FE6690527197EAC00B873F1 /* ToDo ListUITests */ = {
			isa = PBXGroup;
			children = (
				3FE6690627197EAC00B873F1 /* ToDo_ListUITests.swift */,
			);
			path = "ToDo ListUITests";
			sourceTree = "<group>";
		};
/* End PBXGroup section */

/* Begin PBXNativeTarget section */
		3FE668E027197EAA00B873F1 /* ToDo List */ = {
			isa = PBXNativeTarget;
			buildConfigurationList = 3FE6690B27197EAC00B873F1 /* Build configuration list for PBXNativeTarget "ToDo List" */;
			buildPhases = (
				3FE668DD27197EAA00B873F1 /* Sources */,
				3FE668DE27197EAA00B873F1 /* Frameworks */,
				3FE668DF27197EAA00B873F1 /* Resources */,
			);
			buildRules = (
			);
			dependencies = (
			);
			name = "ToDo List";
			productName = "ToDo List";
			productReference = 3FE668E127197EAA00B873F1 /* ToDo List.app */;
			productType = "com.apple.product-type.application";
		};
		3FE668F627197EAC00B873F1 /* ToDo ListTests */ = {
			isa = PBXNativeTarget;
			buildConfigurationList = 3FE6690E27197EAC00B873F1 /* Build configuration list for PBXNativeTarget "ToDo ListTests" */;
			buildPhases = (
				3FE668F327197EAC00B873F1 /* Sources */,
				3FE668F427197EAC00B873F1 /* Frameworks */,
				3FE668F527197EAC00B873F1 /* Resources */,
			);
			buildRules = (
			);
			dependencies = (
				3FE668F927197EAC00B873F1 /* PBXTargetDependency */,
			);
			name = "ToDo ListTests";
			productName = "ToDo ListTests";
			productReference = 3FE668F727197EAC00B873F1 /* ToDo ListTests.xctest */;
			productType = "com.apple.product-type.bundle.unit-test";
		};
		3FE6690127197EAC00B873F1 /* ToDo ListUITests */ = {
			isa = PBXNativeTarget;
			buildConfigurationList = 3FE6691127197EAC00B873F1 /* Build configuration list for PBXNativeTarget "ToDo ListUITests" */;
			buildPhases = (
				3FE668FE27197EAC00B873F1 /* Sources */,
				3FE668FF27197EAC00B873F1 /* Frameworks */,
				3FE6690027197EAC00B873F1 /* Resources */,
			);
			buildRules = (
			);
			dependencies = (
				3FE6690427197EAC00B873F1 /* PBXTargetDependency */,
			);
			name = "ToDo ListUITests";
			productName = "ToDo ListUITests";
			productReference = 3FE6690227197EAC00B873F1 /* ToDo ListUITests.xctest */;
			productType = "com.apple.product-type.bundle.ui-testing";
		};
/* End PBXNativeTarget section */

/* Begin PBXProject section */
		3FE668D927197EAA00B873F1 /* Project object */ = {
			isa = PBXProject;
			attributes = {
				LastSwiftUpdateCheck = 1250;
				LastUpgradeCheck = 1250;
				TargetAttributes = {
					3FE668E027197EAA00B873F1 = {
						CreatedOnToolsVersion = 12.5;
					};
					3FE668F627197EAC00B873F1 = {
						CreatedOnToolsVersion = 12.5;
						TestTargetID = 3FE668E027197EAA00B873F1;
					};
					3FE6690127197EAC00B873F1 = {
						CreatedOnToolsVersion = 12.5;
						TestTargetID = 3FE668E027197EAA00B873F1;
					};
				};
			};
			buildConfigurationList = 3FE668DC27197EAA00B873F1 /* Build configuration list for PBXProject "ToDo List" */;
			compatibilityVersion = "Xcode 9.3";
			developmentRegion = en;
			hasScannedForEncodings = 0;
			knownRegions = (
				en,
				Base,
			);
			mainGroup = 3FE668D827197EAA00B873F1;
			productRefGroup = 3FE668E227197EAA00B873F1 /* Products */;
			projectDirPath = "";
			projectRoot = "";
			targets = (
				3FE668E027197EAA00B873F1 /* ToDo List */,
				3FE668F627197EAC00B873F1 /* ToDo ListTests */,
				3FE6690127197EAC00B873F1 /* ToDo ListUITests */,
			);
		};
/* End PBXProject section */

/* Begin PBXResourcesBuildPhase section */
		3FE668DF27197EAA00B873F1 /* Resources */ = {
			isa = PBXResourcesBuildPhase;
			buildActionMask = 2147483647;
			files = (
				3FE668F127197EAC00B873F1 /* LaunchScreen.storyboard in Resources */,
				3FE668EE27197EAB00B873F1 /* Assets.xcassets in Resources */,
				3FE668EC27197EAA00B873F1 /* Main.storyboard in Resources */,
			);
			runOnlyForDeploymentPostprocessing = 0;
		};
		3FE668F527197EAC00B873F1 /* Resources */ = {
			isa = PBXResourcesBuildPhase;
			buildActionMask = 2147483647;
			files = (
			);
			runOnlyForDeploymentPostprocessing = 0;
		};
		3FE6690027197EAC00B873F1 /* Resources */ = {
			isa = PBXResourcesBuildPhase;
			buildActionMask = 2147483647;
			files = (
			);
			runOnlyForDeploymentPostprocessing = 0;
		};
/* End PBXResourcesBuildPhase section */

/* Begin PBXSourcesBuildPhase section */
		3FE668DD27197EAA00B873F1 /* Sources */ = {
			isa = PBXSourcesBuildPhase;
			buildActionMask = 2147483647;
			files = (
				3FE668E927197EAA00B873F1 /* ViewController.swift in Sources */,
				3FE668E527197EAA00B873F1 /* AppDelegate.swift in Sources */,
				3FE668E727197EAA00B873F1 /* SceneDelegate.swift in Sources */,
			);
			runOnlyForDeploymentPostprocessing = 0;
		};
		3FE668F327197EAC00B873F1 /* Sources */ = {
			isa = PBXSourcesBuildPhase;
			buildActionMask = 2147483647;
			files = (
				3FE668FC27197EAC00B873F1 /* ToDo_ListTests.swift in Sources */,
			);
			runOnlyForDeploymentPostprocessing = 0;
		};
		3FE668FE27197EAC00B873F1 /* Sources */ = {
			isa = PBXSourcesBuildPhase;
			buildActionMask = 2147483647;
			files = (
				3FE6690727197EAC00B873F1 /* ToDo_ListUITests.swift in Sources */,
			);
			runOnlyForDeploymentPostprocessing = 0;
		};
/* End PBXSourcesBuildPhase section */

/* Begin PBXTargetDependency section */
		3FE668F927197EAC00B873F1 /* PBXTargetDependency */ = {
			isa = PBXTargetDependency;
			target = 3FE668E027197EAA00B873F1 /* ToDo List */;
			targetProxy = 3FE668F827197EAC00B873F1 /* PBXContainerItemProxy */;
		};
		3FE6690427197EAC00B873F1 /* PBXTargetDependency */ = {
			isa = PBXTargetDependency;
			target = 3FE668E027197EAA00B873F1 /* ToDo List */;
			targetProxy = 3FE6690327197EAC00B873F1 /* PBXContainerItemProxy */;
		};
/* End PBXTargetDependency section */

/* Begin PBXVariantGroup section */
		3FE668EA27197EAA00B873F1 /* Main.storyboard */ = {
			isa = PBXVariantGroup;
			children = (
				3FE668EB27197EAA00B873F1 /* Base */,
			);
			name = Main.storyboard;
			sourceTree = "<group>";
		};
		3FE668EF27197EAC00B873F1 /* LaunchScreen.storyboard */ = {
			isa = PBXVariantGroup;
			children = (
				3FE668F027197EAC00B873F1 /* Base */,
			);
			name = LaunchScreen.storyboard;
			sourceTree = "<group>";
		};
/* End PBXVariantGroup section */

/* Begin XCBuildConfiguration section */
		3FE6690927197EAC00B873F1 /* Debug */ = {
			isa = XCBuildConfiguration;
			buildSettings = {
				ALWAYS_SEARCH_USER_PATHS = NO;
				CLANG_ANALYZER_NONNULL = YES;
				CLANG_ANALYZER_NUMBER_OBJECT_CONVERSION = YES_AGGRESSIVE;
				CLANG_CXX_LANGUAGE_STANDARD = "gnu++14";
				CLANG_CXX_LIBRARY = "libc++";
				CLANG_ENABLE_MODULES = YES;
				CLANG_ENABLE_OBJC_ARC = YES;
				CLANG_ENABLE_OBJC_WEAK = YES;
				CLANG_WARN_BLOCK_CAPTURE_AUTORELEASING = YES;
				CLANG_WARN_BOOL_CONVERSION = YES;
				CLANG_WARN_COMMA = YES;
				CLANG_WARN_CONSTANT_CONVERSION = YES;
				CLANG_WARN_DEPRECATED_OBJC_IMPLEMENTATIONS = YES;
				CLANG_WARN_DIRECT_OBJC_ISA_USAGE = YES_ERROR;
				CLANG_WARN_DOCUMENTATION_COMMENTS = YES;
				CLANG_WARN_EMPTY_BODY = YES;
				CLANG_WARN_ENUM_CONVERSION = YES;
				CLANG_WARN_INFINITE_RECURSION = YES;
				CLANG_WARN_INT_CONVERSION = YES;
				CLANG_WARN_NON_LITERAL_NULL_CONVERSION = YES;
				CLANG_WARN_OBJC_IMPLICIT_RETAIN_SELF = YES;
				CLANG_WARN_OBJC_LITERAL_CONVERSION = YES;
				CLANG_WARN_OBJC_ROOT_CLASS = YES_ERROR;
				CLANG_WARN_QUOTED_INCLUDE_IN_FRAMEWORK_HEADER = YES;
				CLANG_WARN_RANGE_LOOP_ANALYSIS = YES;
				CLANG_WARN_STRICT_PROTOTYPES = YES;
				CLANG_WARN_SUSPICIOUS_MOVE = YES;
				CLANG_WARN_UNGUARDED_AVAILABILITY = YES_AGGRESSIVE;
				CLANG_WARN_UNREACHABLE_CODE = YES;
				CLANG_WARN__DUPLICATE_METHOD_MATCH = YES;
				COPY_PHASE_STRIP = NO;
				DEBUG_INFORMATION_FORMAT = dwarf;
				ENABLE_STRICT_OBJC_MSGSEND = YES;
				ENABLE_TESTABILITY = YES;
				GCC_C_LANGUAGE_STANDARD = gnu11;
				GCC_DYNAMIC_NO_PIC = NO;
				GCC_NO_COMMON_BLOCKS = YES;
				GCC_OPTIMIZATION_LEVEL = 0;
				GCC_PREPROCESSOR_DEFINITIONS = (
					"DEBUG=1",
					"$(inherited)",
				);
				GCC_WARN_64_TO_32_BIT_CONVERSION = YES;
				GCC_WARN_ABOUT_RETURN_TYPE = YES_ERROR;
				GCC_WARN_UNDECLARED_SELECTOR = YES;
				GCC_WARN_UNINITIALIZED_AUTOS = YES_AGGRESSIVE;
				GCC_WARN_UNUSED_FUNCTION = YES;
				GCC_WARN_UNUSED_VARIABLE = YES;
				IPHONEOS_DEPLOYMENT_TARGET = 14.5;
				MTL_ENABLE_DEBUG_INFO = INCLUDE_SOURCE;
				MTL_FAST_MATH = YES;
				ONLY_ACTIVE_ARCH = YES;
				SDKROOT = iphoneos;
				SWIFT_ACTIVE_COMPILATION_CONDITIONS = DEBUG;
				SWIFT_OPTIMIZATION_LEVEL = "-Onone";
			};
			name = Debug;
		};
		3FE6690A27197EAC00B873F1 /* Release */ = {
			isa = XCBuildConfiguration;
			buildSettings = {
				ALWAYS_SEARCH_USER_PATHS = NO;
				CLANG_ANALYZER_NONNULL = YES;
				CLANG_ANALYZER_NUMBER_OBJECT_CONVERSION = YES_AGGRESSIVE;
				CLANG_CXX_LANGUAGE_STANDARD = "gnu++14";
				CLANG_CXX_LIBRARY = "libc++";
				CLANG_ENABLE_MODULES = YES;
				CLANG_ENABLE_OBJC_ARC = YES;
				CLANG_ENABLE_OBJC_WEAK = YES;
				CLANG_WARN_BLOCK_CAPTURE_AUTORELEASING = YES;
				CLANG_WARN_BOOL_CONVERSION = YES;
				CLANG_WARN_COMMA = YES;
				CLANG_WARN_CONSTANT_CONVERSION = YES;
				CLANG_WARN_DEPRECATED_OBJC_IMPLEMENTATIONS = YES;
				CLANG_WARN_DIRECT_OBJC_ISA_USAGE = YES_ERROR;
				CLANG_WARN_DOCUMENTATION_COMMENTS = YES;
				CLANG_WARN_EMPTY_BODY = YES;
				CLANG_WARN_ENUM_CONVERSION = YES;
				CLANG_WARN_INFINITE_RECURSION = YES;
				CLANG_WARN_INT_CONVERSION = YES;
				CLANG_WARN_NON_LITERAL_NULL_CONVERSION = YES;
				CLANG_WARN_OBJC_IMPLICIT_RETAIN_SELF = YES;
				CLANG_WARN_OBJC_LITERAL_CONVERSION = YES;
				CLANG_WARN_OBJC_ROOT_CLASS = YES_ERROR;
				CLANG_WARN_QUOTED_INCLUDE_IN_FRAMEWORK_HEADER = YES;
				CLANG_WARN_RANGE_LOOP_ANALYSIS = YES;
				CLANG_WARN_STRICT_PROTOTYPES = YES;
				CLANG_WARN_SUSPICIOUS_MOVE = YES;
				CLANG_WARN_UNGUARDED_AVAILABILITY = YES_AGGRESSIVE;
				CLANG_WARN_UNREACHABLE_CODE = YES;
				CLANG_WARN__DUPLICATE_METHOD_MATCH = YES;
				COPY_PHASE_STRIP = NO;
				DEBUG_INFORMATION_FORMAT = "dwarf-with-dsym";
				ENABLE_NS_ASSERTIONS = NO;
				ENABLE_STRICT_OBJC_MSGSEND = YES;
				GCC_C_LANGUAGE_STANDARD = gnu11;
				GCC_NO_COMMON_BLOCKS = YES;
				GCC_WARN_64_TO_32_BIT_CONVERSION = YES;
				GCC_WARN_ABOUT_RETURN_TYPE = YES_ERROR;
				GCC_WARN_UNDECLARED_SELECTOR = YES;
				GCC_WARN_UNINITIALIZED_AUTOS = YES_AGGRESSIVE;
				GCC_WARN_UNUSED_FUNCTION = YES;
				GCC_WARN_UNUSED_VARIABLE = YES;
				IPHONEOS_DEPLOYMENT_TARGET = 14.5;
				MTL_ENABLE_DEBUG_INFO = NO;
				MTL_FAST_MATH = YES;
				SDKROOT = iphoneos;
				SWIFT_COMPILATION_MODE = wholemodule;
				SWIFT_OPTIMIZATION_LEVEL = "-O";
				VALIDATE_PRODUCT = YES;
			};
			name = Release;
		};
		3FE6690C27197EAC00B873F1 /* Debug */ = {
			isa = XCBuildConfiguration;
			buildSettings = {
				ASSETCATALOG_COMPILER_APPICON_NAME = AppIcon;
				ASSETCATALOG_COMPILER_GLOBAL_ACCENT_COLOR_NAME = AccentColor;
				CODE_SIGN_STYLE = Automatic;
				INFOPLIST_FILE = "ToDo List/Info.plist";
				LD_RUNPATH_SEARCH_PATHS = (
					"$(inherited)",
					"@executable_path/Frameworks",
				);
				PRODUCT_BUNDLE_IDENTIFIER = "xzc.ToDo-List";
				PRODUCT_NAME = "$(TARGET_NAME)";
				SWIFT_VERSION = 5.0;
				TARGETED_DEVICE_FAMILY = "1,2";
			};
			name = Debug;
		};
		3FE6690D27197EAC00B873F1 /* Release */ = {
			isa = XCBuildConfiguration;
			buildSettings = {
				ASSETCATALOG_COMPILER_APPICON_NAME = AppIcon;
				ASSETCATALOG_COMPILER_GLOBAL_ACCENT_COLOR_NAME = AccentColor;
				CODE_SIGN_STYLE = Automatic;
				INFOPLIST_FILE = "ToDo List/Info.plist";
				LD_RUNPATH_SEARCH_PATHS = (
					"$(inherited)",
					"@executable_path/Frameworks",
				);
				PRODUCT_BUNDLE_IDENTIFIER = "xzc.ToDo-List";
				PRODUCT_NAME = "$(TARGET_NAME)";
				SWIFT_VERSION = 5.0;
				TARGETED_DEVICE_FAMILY = "1,2";
			};
			name = Release;
		};
		3FE6690F27197EAC00B873F1 /* Debug */ = {
			isa = XCBuildConfiguration;
			buildSettings = {
				ALWAYS_EMBED_SWIFT_STANDARD_LIBRARIES = YES;
				BUNDLE_LOADER = "$(TEST_HOST)";
				CODE_SIGN_STYLE = Automatic;
				INFOPLIST_FILE = "ToDo ListTests/Info.plist";
				IPHONEOS_DEPLOYMENT_TARGET = 14.5;
				LD_RUNPATH_SEARCH_PATHS = (
					"$(inherited)",
					"@executable_path/Frameworks",
					"@loader_path/Frameworks",
				);
				PRODUCT_BUNDLE_IDENTIFIER = "xzc.ToDo-ListTests";
				PRODUCT_NAME = "$(TARGET_NAME)";
				SWIFT_VERSION = 5.0;
				TARGETED_DEVICE_FAMILY = "1,2";
				TEST_HOST = "$(BUILT_PRODUCTS_DIR)/ToDo List.app/ToDo List";
			};
			name = Debug;
		};
		3FE6691027197EAC00B873F1 /* Release */ = {
			isa = XCBuildConfiguration;
			buildSettings = {
				ALWAYS_EMBED_SWIFT_STANDARD_LIBRARIES = YES;
				BUNDLE_LOADER = "$(TEST_HOST)";
				CODE_SIGN_STYLE = Automatic;
				INFOPLIST_FILE = "ToDo ListTests/Info.plist";
				IPHONEOS_DEPLOYMENT_TARGET = 14.5;
				LD_RUNPATH_SEARCH_PATHS = (
					"$(inherited)",
					"@executable_path/Frameworks",
					"@loader_path/Frameworks",
				);
				PRODUCT_BUNDLE_IDENTIFIER = "xzc.ToDo-ListTests";
				PRODUCT_NAME = "$(TARGET_NAME)";
				SWIFT_VERSION = 5.0;
				TARGETED_DEVICE_FAMILY = "1,2";
				TEST_HOST = "$(BUILT_PRODUCTS_DIR)/ToDo List.app/ToDo List";
			};
			name = Release;
		};
		3FE6691227197EAC00B873F1 /* Debug */ = {
			isa = XCBuildConfiguration;
			buildSettings = {
				ALWAYS_EMBED_SWIFT_STANDARD_LIBRARIES = YES;
				CODE_SIGN_STYLE = Automatic;
				INFOPLIST_FILE = "ToDo ListUITests/Info.plist";
				LD_RUNPATH_SEARCH_PATHS = (
					"$(inherited)",
					"@executable_path/Frameworks",
					"@loader_path/Frameworks",
				);
				PRODUCT_BUNDLE_IDENTIFIER = "xzc.ToDo-ListUITests";
				PRODUCT_NAME = "$(TARGET_NAME)";
				SWIFT_VERSION = 5.0;
				TARGETED_DEVICE_FAMILY = "1,2";
				TEST_TARGET_NAME = "ToDo List";
			};
			name = Debug;
		};
		3FE6691327197EAC00B873F1 /* Release */ = {
			isa = XCBuildConfiguration;
			buildSettings = {
				ALWAYS_EMBED_SWIFT_STANDARD_LIBRARIES = YES;
				CODE_SIGN_STYLE = Automatic;
				INFOPLIST_FILE = "ToDo ListUITests/Info.plist";
				LD_RUNPATH_SEARCH_PATHS = (
					"$(inherited)",
					"@executable_path/Frameworks",
					"@loader_path/Frameworks",
				);
				PRODUCT_BUNDLE_IDENTIFIER = "xzc.ToDo-ListUITests";
				PRODUCT_NAME = "$(TARGET_NAME)";
				SWIFT_VERSION = 5.0;
				TARGETED_DEVICE_FAMILY = "1,2";
				TEST_TARGET_NAME = "ToDo List";
			};
			name = Release;
		};
/* End XCBuildConfiguration section */

/* Begin XCConfigurationList section */
		3FE668DC27197EAA00B873F1 /* Build configuration list for PBXProject "ToDo List" */ = {
			isa = XCConfigurationList;
			buildConfigurations = (
				3FE6690927197EAC00B873F1 /* Debug */,
				3FE6690A27197EAC00B873F1 /* Release */,
			);
			defaultConfigurationIsVisible = 0;
			defaultConfigurationName = Release;
		};
		3FE6690B27197EAC00B873F1 /* Build configuration list for PBXNativeTarget "ToDo List" */ = {
			isa = XCConfigurationList;
			buildConfigurations = (
				3FE6690C27197EAC00B873F1 /* Debug */,
				3FE6690D27197EAC00B873F1 /* Release */,
			);
			defaultConfigurationIsVisible = 0;
			defaultConfigurationName = Release;
		};
		3FE6690E27197EAC00B873F1 /* Build configuration list for PBXNativeTarget "ToDo ListTests" */ = {
			isa = XCConfigurationList;
			buildConfigurations = (
				3FE6690F27197EAC00B873F1 /* Debug */,
				3FE6691027197EAC00B873F1 /* Release */,
			);
			defaultConfigurationIsVisible = 0;
			defaultConfigurationName = Release;
		};
		3FE6691127197EAC00B873F1 /* Build configuration list for PBXNativeTarget "ToDo ListUITests" */ = {
			isa = XCConfigurationList;
			buildConfigurations = (
				3FE6691227197EAC00B873F1 /* Debug */,
				3FE6691327197EAC00B873F1 /* Release */,
			);
			defaultConfigurationIsVisible = 0;
			defaultConfigurationName = Release;
		};
/* End XCConfigurationList section */
	};
	rootObject = 3FE668D927197EAA00B873F1 /* Project object */;
}
